
Microsoft Visual Studio Solution File, Format Version 12.00
# Visual Studio 15
VisualStudioVersion = 15.0.27703.2026
MinimumVisualStudioVersion = 10.0.40219.1
Project("{FAE04EC0-301F-11D3-BF4B-00C04F79EFBC}") = "Hosh", "Hosh\Hosh.csproj", "{ED7B3FCE-AA8F-4D73-8484-20643DF9BF9A}"
EndProject
Global
	GlobalSection(SolutionConfigurationPlatforms) = preSolution
		Debug|Any CPU = Debug|Any CPU
		Release|Any CPU = Release|Any CPU
	EndGlobalSection
	GlobalSection(ProjectConfigurationPlatforms) = postSolution
		{ED7B3FCE-AA8F-4D73-8484-20643DF9BF9A}.Debug|Any CPU.ActiveCfg = Debug|Any CPU
		{ED7B3FCE-AA8F-4D73-8484-20643DF9BF9A}.Debug|Any CPU.Build.0 = Debug|Any CPU
		{ED7B3FCE-AA8F-4D73-8484-20643DF9BF9A}.Release|Any CPU.ActiveCfg = Release|Any CPU
		{ED7B3FCE-AA8F-4D73-8484-20643DF9BF9A}.Release|Any CPU.Build.0 = Release|Any CPU
	EndGlobalSection
	GlobalSection(SolutionProperties) = preSolution
		HideSolutionNode = FALSE
	EndGlobalSection
	GlobalSection(ExtensibilityGlobals) = postSolution
		SolutionGuid = {ECB2D016-5400-42E3-B21A-696463AB6D37}
	EndGlobalSection
EndGlobal
